
Microsoft Visual Studio Solution File, Format Version 12.00
# Visual Studio 15
VisualStudioVersion = 15.0.26403.3
MinimumVisualStudioVersion = 10.0.40219.1
Project("{FAE04EC0-301F-11D3-BF4B-00C04F79EFBC}") = "OVT_Hololens", "OVT_Hololens\OVT_Hololens.csproj", "{13A45C13-3265-47B8-BC48-A553B569DF55}"
EndProject
Project("{FAE04EC0-301F-11D3-BF4B-00C04F79EFBC}") = "Assembly-CSharp", "C:\Users\Christian\Documents\Unity\OVT_Hololens\App\GeneratedProjects\UWP\Assembly-CSharp\Assembly-CSharp.csproj", "{63B2C80E-EBB9-4BDB-868C-ECAC9028B8DB}"
EndProject
Project("{FAE04EC0-301F-11D3-BF4B-00C04F79EFBC}") = "Assembly-CSharp-firstpass", "C:\Users\Christian\Documents\Unity\OVT_Hololens\App\GeneratedProjects\UWP\Assembly-CSharp-firstpass\Assembly-CSharp-firstpass.csproj", "{9A3F71B6-BBAD-488B-891D-03FA4342DA7C}"
EndProject
Global
	GlobalSection(SolutionConfigurationPlatforms) = preSolution
		Debug|ARM = Debug|ARM
		Debug|x64 = Debug|x64
		Debug|x86 = Debug|x86
		Master|ARM = Master|ARM
		Master|x64 = Master|x64
		Master|x86 = Master|x86
		Release|ARM = Release|ARM
		Release|x64 = Release|x64
		Release|x86 = Release|x86
	EndGlobalSection
	GlobalSection(ProjectConfigurationPlatforms) = postSolution
		{13A45C13-3265-47B8-BC48-A553B569DF55}.Debug|ARM.ActiveCfg = Debug|ARM
		{13A45C13-3265-47B8-BC48-A553B569DF55}.Debug|ARM.Build.0 = Debug|ARM
		{13A45C13-3265-47B8-BC48-A553B569DF55}.Debug|ARM.Deploy.0 = Debug|ARM
		{13A45C13-3265-47B8-BC48-A553B569DF55}.Debug|x64.ActiveCfg = Debug|x64
		{13A45C13-3265-47B8-BC48-A553B569DF55}.Debug|x64.Build.0 = Debug|x64
		{13A45C13-3265-47B8-BC48-A553B569DF55}.Debug|x64.Deploy.0 = Debug|x64
		{13A45C13-3265-47B8-BC48-A553B569DF55}.Debug|x86.ActiveCfg = Debug|x86
		{13A45C13-3265-47B8-BC48-A553B569DF55}.Debug|x86.Build.0 = Debug|x86
		{13A45C13-3265-47B8-BC48-A553B569DF55}.Debug|x86.Deploy.0 = Debug|x86
		{13A45C13-3265-47B8-BC48-A553B569DF55}.Master|ARM.ActiveCfg = Master|ARM
		{13A45C13-3265-47B8-BC48-A553B569DF55}.Master|ARM.Build.0 = Master|ARM
		{13A45C13-3265-47B8-BC48-A553B569DF55}.Master|ARM.Deploy.0 = Master|ARM
		{13A45C13-3265-47B8-BC48-A553B569DF55}.Master|x64.ActiveCfg = Master|x64
		{13A45C13-3265-47B8-BC48-A553B569DF55}.Master|x64.Build.0 = Master|x64
		{13A45C13-3265-47B8-BC48-A553B569DF55}.Master|x64.Deploy.0 = Master|x64
		{13A45C13-3265-47B8-BC48-A553B569DF55}.Master|x86.ActiveCfg = Master|x86
		{13A45C13-3265-47B8-BC48-A553B569DF55}.Master|x86.Build.0 = Master|x86
		{13A45C13-3265-47B8-BC48-A553B569DF55}.Master|x86.Deploy.0 = Master|x86
		{13A45C13-3265-47B8-BC48-A553B569DF55}.Release|ARM.ActiveCfg = Release|ARM
		{13A45C13-3265-47B8-BC48-A553B569DF55}.Release|ARM.Build.0 = Release|ARM
		{13A45C13-3265-47B8-BC48-A553B569DF55}.Release|ARM.Deploy.0 = Release|ARM
		{13A45C13-3265-47B8-BC48-A553B569DF55}.Release|x64.ActiveCfg = Release|x64
		{13A45C13-3265-47B8-BC48-A553B569DF55}.Release|x64.Build.0 = Release|x64
		{13A45C13-3265-47B8-BC48-A553B569DF55}.Release|x64.Deploy.0 = Release|x64
		{13A45C13-3265-47B8-BC48-A553B569DF55}.Release|x86.ActiveCfg = Release|x86
		{13A45C13-3265-47B8-BC48-A553B569DF55}.Release|x86.Build.0 = Release|x86
		{13A45C13-3265-47B8-BC48-A553B569DF55}.Release|x86.Deploy.0 = Release|x86
		{63B2C80E-EBB9-4BDB-868C-ECAC9028B8DB}.Debug|ARM.ActiveCfg = Debug|ARM
		{63B2C80E-EBB9-4BDB-868C-ECAC9028B8DB}.Debug|ARM.Build.0 = Debug|ARM
		{63B2C80E-EBB9-4BDB-868C-ECAC9028B8DB}.Debug|x64.ActiveCfg = Debug|x64
		{63B2C80E-EBB9-4BDB-868C-ECAC9028B8DB}.Debug|x64.Build.0 = Debug|x64
		{63B2C80E-EBB9-4BDB-868C-ECAC9028B8DB}.Debug|x86.ActiveCfg = Debug|x86
		{63B2C80E-EBB9-4BDB-868C-ECAC9028B8DB}.Debug|x86.Build.0 = Debug|x86
		{63B2C80E-EBB9-4BDB-868C-ECAC9028B8DB}.Master|ARM.ActiveCfg = Master|ARM
		{63B2C80E-EBB9-4BDB-868C-ECAC9028B8DB}.Master|ARM.Build.0 = Master|ARM
		{63B2C80E-EBB9-4BDB-868C-ECAC9028B8DB}.Master|x64.ActiveCfg = Master|x64
		{63B2C80E-EBB9-4BDB-868C-ECAC9028B8DB}.Master|x64.Build.0 = Master|x64
		{63B2C80E-EBB9-4BDB-868C-ECAC9028B8DB}.Master|x86.ActiveCfg = Master|x86
		{63B2C80E-EBB9-4BDB-868C-ECAC9028B8DB}.Master|x86.Build.0 = Master|x86
		{63B2C80E-EBB9-4BDB-868C-ECAC9028B8DB}.Release|ARM.ActiveCfg = Release|ARM
		{63B2C80E-EBB9-4BDB-868C-ECAC9028B8DB}.Release|ARM.Build.0 = Release|ARM
		{63B2C80E-EBB9-4BDB-868C-ECAC9028B8DB}.Release|x64.ActiveCfg = Release|x64
		{63B2C80E-EBB9-4BDB-868C-ECAC9028B8DB}.Release|x64.Build.0 = Release|x64
		{63B2C80E-EBB9-4BDB-868C-ECAC9028B8DB}.Release|x86.ActiveCfg = Release|x86
		{63B2C80E-EBB9-4BDB-868C-ECAC9028B8DB}.Release|x86.Build.0 = Release|x86
		{9A3F71B6-BBAD-488B-891D-03FA4342DA7C}.Debug|ARM.ActiveCfg = Debug|ARM
		{9A3F71B6-BBAD-488B-891D-03FA4342DA7C}.Debug|ARM.Build.0 = Debug|ARM
		{9A3F71B6-BBAD-488B-891D-03FA4342DA7C}.Debug|x64.ActiveCfg = Debug|x64
		{9A3F71B6-BBAD-488B-891D-03FA4342DA7C}.Debug|x64.Build.0 = Debug|x64
		{9A3F71B6-BBAD-488B-891D-03FA4342DA7C}.Debug|x86.ActiveCfg = Debug|x86
		{9A3F71B6-BBAD-488B-891D-03FA4342DA7C}.Debug|x86.Build.0 = Debug|x86
		{9A3F71B6-BBAD-488B-891D-03FA4342DA7C}.Master|ARM.ActiveCfg = Master|ARM
		{9A3F71B6-BBAD-488B-891D-03FA4342DA7C}.Master|ARM.Build.0 = Master|ARM
		{9A3F71B6-BBAD-488B-891D-03FA4342DA7C}.Master|x64.ActiveCfg = Master|x64
		{9A3F71B6-BBAD-488B-891D-03FA4342DA7C}.Master|x64.Build.0 = Master|x64
		{9A3F71B6-BBAD-488B-891D-03FA4342DA7C}.Master|x86.ActiveCfg = Master|x86
		{9A3F71B6-BBAD-488B-891D-03FA4342DA7C}.Master|x86.Build.0 = Master|x86
		{9A3F71B6-BBAD-488B-891D-03FA4342DA7C}.Release|ARM.ActiveCfg = Release|ARM
		{9A3F71B6-BBAD-488B-891D-03FA4342DA7C}.Release|ARM.Build.0 = Release|ARM
		{9A3F71B6-BBAD-488B-891D-03FA4342DA7C}.Release|x64.ActiveCfg = Release|x64
		{9A3F71B6-BBAD-488B-891D-03FA4342DA7C}.Release|x64.Build.0 = Release|x64
		{9A3F71B6-BBAD-488B-891D-03FA4342DA7C}.Release|x86.ActiveCfg = Release|x86
		{9A3F71B6-BBAD-488B-891D-03FA4342DA7C}.Release|x86.Build.0 = Release|x86
	EndGlobalSection
	GlobalSection(SolutionProperties) = preSolution
		HideSolutionNode = FALSE
	EndGlobalSection
EndGlobal
